<?xml version="1.0" encoding="utf-8"?>
<Project ToolsVersion="4.0" xmlns="http://schemas.microsoft.com/developer/msbuild/2003">
  <ItemGroup>
    <Filter Include="Source Files">
      <UniqueIdentifier>{4FC737F1-C7A5-4376-A066-2A32D752A2FF}</UniqueIdentifier>
      <Extensions>cpp;c;cc;cxx;c++;cppm;ixx;def;odl;idl;hpj;bat;asm;asmx</Extensions>
    </Filter>
    <Filter Include="Header Files">
      <UniqueIdentifier>{93995380-89BD-4b04-88EB-625FBE52EBFB}</UniqueIdentifier>
      <Extensions>h;hh;hpp;hxx;h++;hm;inl;inc;ipp;xsd</Extensions>
    </Filter>
    <Filter Include="Resource Files">
      <UniqueIdentifier>{67DA6AB6-F800-4c08-8B7A-83BB121AAD01}</UniqueIdentifier>
      <Extensions>rc;ico;cur;bmp;dlg;rc2;rct;bin;rgs;gif;jpg;jpeg;jpe;resx;tiff;tif;png;wav;mfcribbon-ms</Extensions>
    </Filter>
  </ItemGroup>
  <ItemGroup>
    <ClCompile Include="SmartHouse.cpp">
      <Filter>Source Files</Filter>
    </ClCompile>
    <ClCompile Include="House.cpp">
      <Filter>Source Files</Filter>
    </ClCompile>
    <ClCompile Include="Living.cpp">
      <Filter>Source Files</Filter>
    </ClCompile>
    <ClCompile Include="Bedroom.cpp">
      <Filter>Source Files</Filter>
    </ClCompile>
    <ClCompile Include="Bathroom.cpp">
      <Filter>Source Files</Filter>
    </ClCompile>
    <ClCompile Include="Kitchen.cpp">
      <Filter>Source Files</Filter>
    </ClCompile>
    <ClCompile Include="Humidity.cpp">
      <Filter>Source Files</Filter>
    </ClCompile>
    <ClCompile Include="Pressure.cpp">
      <Filter>Source Files</Filter>
    </ClCompile>
  </ItemGroup>
  <ItemGroup>
    <ClInclude Include="IRoom.h">
      <Filter>Header Files</Filter>
    </ClInclude>
    <ClInclude Include="ISensor.h">
      <Filter>Header Files</Filter>
    </ClInclude>
    <ClInclude Include="House.h">
      <Filter>Header Files</Filter>
    </ClInclude>
    <ClInclude Include="Bathroom.h">
      <Filter>Header Files</Filter>
    </ClInclude>
    <ClInclude Include="Temperature.h">
      <Filter>Header Files</Filter>
    </ClInclude>
    <ClInclude Include="Humidity.h">
      <Filter>Header Files</Filter>
    </ClInclude>
    <ClInclude Include="Pressure.h">
      <Filter>Header Files</Filter>
    </ClInclude>
    <ClInclude Include="Living.h">
      <Filter>Header Files</Filter>
    </ClInclude>
    <ClInclude Include="Bedroom.h">
      <Filter>Header Files</Filter>
    </ClInclude>
    <ClInclude Include="Kitchen.h">
      <Filter>Header Files</Filter>
    </ClInclude>
  </ItemGroup>
</Project>